
Microsoft Visual Studio Solution File, Format Version 12.00
# Visual Studio 15
VisualStudioVersion = 15.0.28307.421
MinimumVisualStudioVersion = 10.0.40219.1
Project("{FAE04EC0-301F-11D3-BF4B-00C04F79EFBC}") = "S3ClientApp", "S3ClientApp\S3ClientApp.csproj", "{2054BB87-6673-4E3E-9E3C-C7505BEE0590}"
EndProject
Project("{FAE04EC0-301F-11D3-BF4B-00C04F79EFBC}") = "PrintingObjectsInBucket", "PrintingObjectsInBucket\PrintingObjectsInBucket.csproj", "{6AC0F0DE-0F40-4CFC-A209-AE36DE448922}"
EndProject
Global
	GlobalSection(SolutionConfigurationPlatforms) = preSolution
		Debug|Any CPU = Debug|Any CPU
		Release|Any CPU = Release|Any CPU
	EndGlobalSection
	GlobalSection(ProjectConfigurationPlatforms) = postSolution
		{2054BB87-6673-4E3E-9E3C-C7505BEE0590}.Debug|Any CPU.ActiveCfg = Debug|Any CPU
		{2054BB87-6673-4E3E-9E3C-C7505BEE0590}.Debug|Any CPU.Build.0 = Debug|Any CPU
		{2054BB87-6673-4E3E-9E3C-C7505BEE0590}.Release|Any CPU.ActiveCfg = Release|Any CPU
		{2054BB87-6673-4E3E-9E3C-C7505BEE0590}.Release|Any CPU.Build.0 = Release|Any CPU
		{6AC0F0DE-0F40-4CFC-A209-AE36DE448922}.Debug|Any CPU.ActiveCfg = Debug|Any CPU
		{6AC0F0DE-0F40-4CFC-A209-AE36DE448922}.Debug|Any CPU.Build.0 = Debug|Any CPU
		{6AC0F0DE-0F40-4CFC-A209-AE36DE448922}.Release|Any CPU.ActiveCfg = Release|Any CPU
		{6AC0F0DE-0F40-4CFC-A209-AE36DE448922}.Release|Any CPU.Build.0 = Release|Any CPU
	EndGlobalSection
	GlobalSection(SolutionProperties) = preSolution
		HideSolutionNode = FALSE
	EndGlobalSection
	GlobalSection(ExtensibilityGlobals) = postSolution
		SolutionGuid = {C2F91D39-470B-4BBC-BAD7-3E566FED4CCE}
	EndGlobalSection
EndGlobal
