
Microsoft Visual Studio Solution File, Format Version 12.00
# Visual Studio 15
VisualStudioVersion = 15.0.28307.572
MinimumVisualStudioVersion = 10.0.40219.1
Project("{FAE04EC0-301F-11D3-BF4B-00C04F79EFBC}") = "DynamoDBClient", "DynamoDBClient\DynamoDBClient.csproj", "{C9E2F36A-A1FB-4602-9D79-53A37E24B2F2}"
EndProject
Global
	GlobalSection(SolutionConfigurationPlatforms) = preSolution
		Debug|Any CPU = Debug|Any CPU
		Release|Any CPU = Release|Any CPU
	EndGlobalSection
	GlobalSection(ProjectConfigurationPlatforms) = postSolution
		{C9E2F36A-A1FB-4602-9D79-53A37E24B2F2}.Debug|Any CPU.ActiveCfg = Debug|Any CPU
		{C9E2F36A-A1FB-4602-9D79-53A37E24B2F2}.Debug|Any CPU.Build.0 = Debug|Any CPU
		{C9E2F36A-A1FB-4602-9D79-53A37E24B2F2}.Release|Any CPU.ActiveCfg = Release|Any CPU
		{C9E2F36A-A1FB-4602-9D79-53A37E24B2F2}.Release|Any CPU.Build.0 = Release|Any CPU
	EndGlobalSection
	GlobalSection(SolutionProperties) = preSolution
		HideSolutionNode = FALSE
	EndGlobalSection
	GlobalSection(ExtensibilityGlobals) = postSolution
		SolutionGuid = {8E36F3B4-3D97-4462-B004-CBBD142C5D16}
	EndGlobalSection
EndGlobal
