
Microsoft Visual Studio Solution File, Format Version 12.00
# Visual Studio 15
VisualStudioVersion = 15.0.28307.572
MinimumVisualStudioVersion = 10.0.40219.1
Project("{9A19103F-16F7-4668-BE54-9A1E7A4F7556}") = "ProcessQueueMessagesFunction", "ProcessQueueMessagesFunction\ProcessQueueMessagesFunction.csproj", "{7F00AE2E-DD08-4183-BA2D-1DD64B3263C0}"
EndProject
Project("{FAE04EC0-301F-11D3-BF4B-00C04F79EFBC}") = "QueueClient", "QueueClient\QueueClient.csproj", "{334B7A9C-1071-4FFA-85AA-8419641B3451}"
EndProject
Global
	GlobalSection(SolutionConfigurationPlatforms) = preSolution
		Debug|Any CPU = Debug|Any CPU
		Release|Any CPU = Release|Any CPU
	EndGlobalSection
	GlobalSection(ProjectConfigurationPlatforms) = postSolution
		{7F00AE2E-DD08-4183-BA2D-1DD64B3263C0}.Debug|Any CPU.ActiveCfg = Debug|Any CPU
		{7F00AE2E-DD08-4183-BA2D-1DD64B3263C0}.Debug|Any CPU.Build.0 = Debug|Any CPU
		{7F00AE2E-DD08-4183-BA2D-1DD64B3263C0}.Release|Any CPU.ActiveCfg = Release|Any CPU
		{7F00AE2E-DD08-4183-BA2D-1DD64B3263C0}.Release|Any CPU.Build.0 = Release|Any CPU
		{334B7A9C-1071-4FFA-85AA-8419641B3451}.Debug|Any CPU.ActiveCfg = Debug|Any CPU
		{334B7A9C-1071-4FFA-85AA-8419641B3451}.Debug|Any CPU.Build.0 = Debug|Any CPU
		{334B7A9C-1071-4FFA-85AA-8419641B3451}.Release|Any CPU.ActiveCfg = Release|Any CPU
		{334B7A9C-1071-4FFA-85AA-8419641B3451}.Release|Any CPU.Build.0 = Release|Any CPU
	EndGlobalSection
	GlobalSection(SolutionProperties) = preSolution
		HideSolutionNode = FALSE
	EndGlobalSection
	GlobalSection(ExtensibilityGlobals) = postSolution
		SolutionGuid = {D9AA352A-94CC-4837-8450-D9DA43732800}
	EndGlobalSection
EndGlobal
