
Microsoft Visual Studio Solution File, Format Version 12.00
# Visual Studio 15
VisualStudioVersion = 15.0.28307.572
MinimumVisualStudioVersion = 10.0.40219.1
Project("{9A19103F-16F7-4668-BE54-9A1E7A4F7556}") = "ProcessS3Event", "ProcessS3Event\ProcessS3Event.csproj", "{DC12DE7E-ACE3-4127-8EB8-9ECA780788EB}"
EndProject
Global
	GlobalSection(SolutionConfigurationPlatforms) = preSolution
		Debug|Any CPU = Debug|Any CPU
		Release|Any CPU = Release|Any CPU
	EndGlobalSection
	GlobalSection(ProjectConfigurationPlatforms) = postSolution
		{DC12DE7E-ACE3-4127-8EB8-9ECA780788EB}.Debug|Any CPU.ActiveCfg = Debug|Any CPU
		{DC12DE7E-ACE3-4127-8EB8-9ECA780788EB}.Debug|Any CPU.Build.0 = Debug|Any CPU
		{DC12DE7E-ACE3-4127-8EB8-9ECA780788EB}.Release|Any CPU.ActiveCfg = Release|Any CPU
		{DC12DE7E-ACE3-4127-8EB8-9ECA780788EB}.Release|Any CPU.Build.0 = Release|Any CPU
	EndGlobalSection
	GlobalSection(SolutionProperties) = preSolution
		HideSolutionNode = FALSE
	EndGlobalSection
	GlobalSection(ExtensibilityGlobals) = postSolution
		SolutionGuid = {FAD1E173-DF33-4760-AAC7-6E4F7D3726A2}
	EndGlobalSection
EndGlobal
